
Microsoft Visual Studio Solution File, Format Version 12.00
# Visual Studio Version 17
VisualStudioVersion = 17.4.33205.214
MinimumVisualStudioVersion = 10.0.40219.1
Project("{FAE04EC0-301F-11D3-BF4B-00C04F79EFBC}") = "QuizApp", "QuizApp\QuizApp.csproj", "{5A6BD873-316F-445D-99A5-1719BD87E911}"
EndProject
Global
	GlobalSection(SolutionConfigurationPlatforms) = preSolution
		Debug|Any CPU = Debug|Any CPU
		Release|Any CPU = Release|Any CPU
	EndGlobalSection
	GlobalSection(ProjectConfigurationPlatforms) = postSolution
		{5A6BD873-316F-445D-99A5-1719BD87E911}.Debug|Any CPU.ActiveCfg = Debug|Any CPU
		{5A6BD873-316F-445D-99A5-1719BD87E911}.Debug|Any CPU.Build.0 = Debug|Any CPU
		{5A6BD873-316F-445D-99A5-1719BD87E911}.Release|Any CPU.ActiveCfg = Release|Any CPU
		{5A6BD873-316F-445D-99A5-1719BD87E911}.Release|Any CPU.Build.0 = Release|Any CPU
	EndGlobalSection
	GlobalSection(SolutionProperties) = preSolution
		HideSolutionNode = FALSE
	EndGlobalSection
	GlobalSection(ExtensibilityGlobals) = postSolution
		SolutionGuid = {0682AED9-929F-404E-98A9-6D4FC48BBFCF}
	EndGlobalSection
EndGlobal
